{
  "name": "фото360",
  "lockfileVersion": 3,
  "requires": true,
  "packages": {
    "": {
      "dependencies": {
        "babylonjs": "^6.45.1"
      }
    },
    "node_modules/babylonjs": {
      "version": "6.45.1",
      "resolved": "https://registry.npmjs.org/babylonjs/-/babylonjs-6.45.1.tgz",
      "integrity": "sha512-Dcg7NES/N+cQ39vvHes7zplmebzjWu5VSyt13r0dxBTyPp87TFpyNJLs7PY8nDdO0ex6w/iMAxp6HKFKVMeFKg==",
      "hasInstallScript": true
    }
  }
}
